
Microsoft Visual Studio Solution File, Format Version 12.00
# Visual Studio Version 17
VisualStudioVersion = 17.14.36202.13 d17.14
MinimumVisualStudioVersion = 10.0.40219.1
Project("{FAE04EC0-301F-11D3-BF4B-00C04F79EFBC}") = "WebApplication1", "WebApplication1\WebApplication1.csproj", "{F1309780-D0A1-4F77-820D-D844EB1E3F6C}"
EndProject
Global
	GlobalSection(SolutionConfigurationPlatforms) = preSolution
		Debug|Any CPU = Debug|Any CPU
		Release|Any CPU = Release|Any CPU
	EndGlobalSection
	GlobalSection(ProjectConfigurationPlatforms) = postSolution
		{F1309780-D0A1-4F77-820D-D844EB1E3F6C}.Debug|Any CPU.ActiveCfg = Debug|Any CPU
		{F1309780-D0A1-4F77-820D-D844EB1E3F6C}.Debug|Any CPU.Build.0 = Debug|Any CPU
		{F1309780-D0A1-4F77-820D-D844EB1E3F6C}.Release|Any CPU.ActiveCfg = Release|Any CPU
		{F1309780-D0A1-4F77-820D-D844EB1E3F6C}.Release|Any CPU.Build.0 = Release|Any CPU
	EndGlobalSection
	GlobalSection(SolutionProperties) = preSolution
		HideSolutionNode = FALSE
	EndGlobalSection
	GlobalSection(ExtensibilityGlobals) = postSolution
		SolutionGuid = {5905B2A7-E7C0-487E-B9A1-17D9EEB58FC9}
	EndGlobalSection
EndGlobal
